
Microsoft Visual Studio Solution File, Format Version 12.00
# Visual Studio 15
VisualStudioVersion = 15.0.27428.2027
MinimumVisualStudioVersion = 10.0.40219.1
Project("{FAE04EC0-301F-11D3-BF4B-00C04F79EFBC}") = "DriversHub", "DriversHub\DriversHub.csproj", "{001F2A29-A19C-4623-B5C6-AFF0D2AB2B06}"
EndProject
Global
	GlobalSection(SolutionConfigurationPlatforms) = preSolution
		Debug|Any CPU = Debug|Any CPU
		Release|Any CPU = Release|Any CPU
	EndGlobalSection
	GlobalSection(ProjectConfigurationPlatforms) = postSolution
		{001F2A29-A19C-4623-B5C6-AFF0D2AB2B06}.Debug|Any CPU.ActiveCfg = Debug|Any CPU
		{001F2A29-A19C-4623-B5C6-AFF0D2AB2B06}.Debug|Any CPU.Build.0 = Debug|Any CPU
		{001F2A29-A19C-4623-B5C6-AFF0D2AB2B06}.Release|Any CPU.ActiveCfg = Release|Any CPU
		{001F2A29-A19C-4623-B5C6-AFF0D2AB2B06}.Release|Any CPU.Build.0 = Release|Any CPU
	EndGlobalSection
	GlobalSection(SolutionProperties) = preSolution
		HideSolutionNode = FALSE
	EndGlobalSection
	GlobalSection(ExtensibilityGlobals) = postSolution
		SolutionGuid = {6CA788EE-7E22-4885-A667-55CBBBB4FD33}
	EndGlobalSection
EndGlobal
